
Microsoft Visual Studio Solution File, Format Version 12.00
# Visual Studio Version 17
VisualStudioVersion = 17.5.33530.505
MinimumVisualStudioVersion = 10.0.40219.1
Project("{FAE04EC0-301F-11D3-BF4B-00C04F79EFBC}") = "Video_library", "Video_library\Video_library.csproj", "{B6A34CBD-A15D-4C62-BBDF-330EDEF0B7CA}"
EndProject
Global
	GlobalSection(SolutionConfigurationPlatforms) = preSolution
		Debug|Any CPU = Debug|Any CPU
		Release|Any CPU = Release|Any CPU
	EndGlobalSection
	GlobalSection(ProjectConfigurationPlatforms) = postSolution
		{B6A34CBD-A15D-4C62-BBDF-330EDEF0B7CA}.Debug|Any CPU.ActiveCfg = Debug|Any CPU
		{B6A34CBD-A15D-4C62-BBDF-330EDEF0B7CA}.Debug|Any CPU.Build.0 = Debug|Any CPU
		{B6A34CBD-A15D-4C62-BBDF-330EDEF0B7CA}.Release|Any CPU.ActiveCfg = Release|Any CPU
		{B6A34CBD-A15D-4C62-BBDF-330EDEF0B7CA}.Release|Any CPU.Build.0 = Release|Any CPU
	EndGlobalSection
	GlobalSection(SolutionProperties) = preSolution
		HideSolutionNode = FALSE
	EndGlobalSection
	GlobalSection(ExtensibilityGlobals) = postSolution
		SolutionGuid = {F0EA9CA6-27F4-4EC0-905B-9A465748E84B}
	EndGlobalSection
EndGlobal
